
Microsoft Visual Studio Solution File, Format Version 12.00
# Visual Studio 14
VisualStudioVersion = 14.0.25420.1
MinimumVisualStudioVersion = 10.0.40219.1
Project("{FAE04EC0-301F-11D3-BF4B-00C04F79EFBC}") = "Misp", "Misp\Misp.csproj", "{498E9F4B-E975-40D1-B562-C38A9496964C}"
EndProject
Project("{FAE04EC0-301F-11D3-BF4B-00C04F79EFBC}") = "Misp.Cmdlet", "Misp.Cmdlet\Misp.Cmdlet.csproj", "{19CE89CA-18B1-49EE-A7D4-A77305E6C792}"
EndProject
Project("{FAE04EC0-301F-11D3-BF4B-00C04F79EFBC}") = "Misp.Tests", "Misp.Tests\Misp.Tests.csproj", "{C4031412-B6AC-45C6-87C7-8FEC5F752E73}"
EndProject
Global
	GlobalSection(SolutionConfigurationPlatforms) = preSolution
		Debug|Any CPU = Debug|Any CPU
		Release|Any CPU = Release|Any CPU
	EndGlobalSection
	GlobalSection(ProjectConfigurationPlatforms) = postSolution
		{498E9F4B-E975-40D1-B562-C38A9496964C}.Debug|Any CPU.ActiveCfg = Debug|Any CPU
		{498E9F4B-E975-40D1-B562-C38A9496964C}.Debug|Any CPU.Build.0 = Debug|Any CPU
		{498E9F4B-E975-40D1-B562-C38A9496964C}.Release|Any CPU.ActiveCfg = Release|Any CPU
		{498E9F4B-E975-40D1-B562-C38A9496964C}.Release|Any CPU.Build.0 = Release|Any CPU
		{19CE89CA-18B1-49EE-A7D4-A77305E6C792}.Debug|Any CPU.ActiveCfg = Debug|Any CPU
		{19CE89CA-18B1-49EE-A7D4-A77305E6C792}.Debug|Any CPU.Build.0 = Debug|Any CPU
		{19CE89CA-18B1-49EE-A7D4-A77305E6C792}.Release|Any CPU.ActiveCfg = Release|Any CPU
		{19CE89CA-18B1-49EE-A7D4-A77305E6C792}.Release|Any CPU.Build.0 = Release|Any CPU
		{C4031412-B6AC-45C6-87C7-8FEC5F752E73}.Debug|Any CPU.ActiveCfg = Debug|Any CPU
		{C4031412-B6AC-45C6-87C7-8FEC5F752E73}.Debug|Any CPU.Build.0 = Debug|Any CPU
		{C4031412-B6AC-45C6-87C7-8FEC5F752E73}.Release|Any CPU.ActiveCfg = Release|Any CPU
		{C4031412-B6AC-45C6-87C7-8FEC5F752E73}.Release|Any CPU.Build.0 = Release|Any CPU
	EndGlobalSection
	GlobalSection(SolutionProperties) = preSolution
		HideSolutionNode = FALSE
	EndGlobalSection
EndGlobal
